{
  "name": "webflight-copterface",
  "version": "0.1.0",
  "lockfileVersion": 3,
  "requires": true,
  "packages": {
    "": {
      "name": "webflight-copterface",
      "version": "0.1.0",
      "license": "MIT",
      "dependencies": {
        "ar-drone": "0.0.5",
        "async": "0.2.9",
        "fast-opencv-wasm": "4.10.0-14",
        "node-pid-controller": "0.0.x"
      }
    },
    "node_modules/ar-drone": {
      "version": "0.0.5",
      "resolved": "https://registry.npmjs.org/ar-drone/-/ar-drone-0.0.5.tgz",
      "integrity": "sha512-rRkmJX04fOQWYUCq55C7MVb34ZjW588nTHS8aHDM2+8nSfv2KbULHwIW+cTIZcryc2yOSEMlKekP8F05RAE7fw==",
      "dependencies": {
        "buffy": "0.0.4"
      },
      "engines": {
        "node": "*"
      }
    },
    "node_modules/async": {
      "version": "0.2.9",
      "resolved": "https://registry.npmjs.org/async/-/async-0.2.9.tgz",
      "integrity": "sha512-OAtM6mexGteNKdU29wcUfRW+VuBr94A3hx9h9yzBnPaQAbKoW1ORd68XM4CCAOpdL5wlNFgO29hsY1TKv2vAKw=="
    },
    "node_modules/buffy": {
      "version": "0.0.4",
      "resolved": "https://registry.npmjs.org/buffy/-/buffy-0.0.4.tgz",
      "integrity": "sha512-rJfZM+jI+diqoMaJmpsPYyhnDJMieGrdiEpnChBHFsQM1bGx38wH2o1AvPEuibwMKm8dSnVGU8t4L5uq8h3bEQ==",
      "engines": {
        "node": "*"
      }
    },
    "node_modules/fast-opencv-wasm": {
      "version": "4.10.0-14",
      "resolved": "https://registry.npmjs.org/fast-opencv-wasm/-/fast-opencv-wasm-4.10.0-14.tgz",
      "integrity": "sha512-fPPUOl0csL2ybX6JQZUT4SUZUNi/rhxvQ2RsHsvbFRcUj5TMHElq8GC4w5RKnN4Yc4RsXvATCuV/lMGlHyFApA==",
      "license": "BSD-3-Clause"
    },
    "node_modules/node-pid-controller": {
      "version": "0.0.3",
      "resolved": "https://registry.npmjs.org/node-pid-controller/-/node-pid-controller-0.0.3.tgz",
      "integrity": "sha512-VMQyZFh1G2K+RkqhlAATNikGOjIaaQWD/lcFbyZezNLvYIzJkhRlIOguhoP8sjRUuwRBkGz6V3tsYdYDHJeAzg==",
      "license": "BSD",
      "engines": {
        "node": ">= v0.8.0"
      }
    }
  }
}
